
Microsoft Visual Studio Solution File, Format Version 11.00
# Visual Studio 2010
Project("{FAE04EC0-301F-11D3-BF4B-00C04F79EFBC}") = "dotnet_client", "dotnet_client\dotnet_client.csproj", "{A3195091-B231-44DD-9AF5-4B407F21D3CB}"
EndProject
Global
	GlobalSection(SolutionConfigurationPlatforms) = preSolution
		Debug|x86 = Debug|x86
		Release|x86 = Release|x86
	EndGlobalSection
	GlobalSection(ProjectConfigurationPlatforms) = postSolution
		{A3195091-B231-44DD-9AF5-4B407F21D3CB}.Debug|x86.ActiveCfg = Debug|x86
		{A3195091-B231-44DD-9AF5-4B407F21D3CB}.Debug|x86.Build.0 = Debug|x86
		{A3195091-B231-44DD-9AF5-4B407F21D3CB}.Release|x86.ActiveCfg = Release|x86
		{A3195091-B231-44DD-9AF5-4B407F21D3CB}.Release|x86.Build.0 = Release|x86
	EndGlobalSection
	GlobalSection(MonoDevelopProperties) = preSolution
		StartupItem = dotnet_client\dotnet_client.csproj
	EndGlobalSection
EndGlobal
